
Microsoft Visual Studio Solution File, Format Version 12.00
# Visual Studio Version 16
VisualStudioVersion = 16.0.32510.428
MinimumVisualStudioVersion = 10.0.40219.1
Project("{FAE04EC0-301F-11D3-BF4B-00C04F79EFBC}") = "ControleDeContatos", "ControleDeContatos\ControleDeContatos.csproj", "{C6FC2447-6F68-4531-A043-B5333F2FF3AA}"
EndProject
Global
	GlobalSection(SolutionConfigurationPlatforms) = preSolution
		Debug|Any CPU = Debug|Any CPU
		Release|Any CPU = Release|Any CPU
	EndGlobalSection
	GlobalSection(ProjectConfigurationPlatforms) = postSolution
		{C6FC2447-6F68-4531-A043-B5333F2FF3AA}.Debug|Any CPU.ActiveCfg = Debug|Any CPU
		{C6FC2447-6F68-4531-A043-B5333F2FF3AA}.Debug|Any CPU.Build.0 = Debug|Any CPU
		{C6FC2447-6F68-4531-A043-B5333F2FF3AA}.Release|Any CPU.ActiveCfg = Release|Any CPU
		{C6FC2447-6F68-4531-A043-B5333F2FF3AA}.Release|Any CPU.Build.0 = Release|Any CPU
	EndGlobalSection
	GlobalSection(SolutionProperties) = preSolution
		HideSolutionNode = FALSE
	EndGlobalSection
	GlobalSection(ExtensibilityGlobals) = postSolution
		SolutionGuid = {88F066ED-DAA7-4CC7-BBF3-CEC1FE67060A}
	EndGlobalSection
EndGlobal
